
Microsoft Visual Studio Solution File, Format Version 12.00
# Visual Studio Version 16
VisualStudioVersion = 16.0.28803.202
MinimumVisualStudioVersion = 10.0.40219.1
Project("{FAE04EC0-301F-11D3-BF4B-00C04F79EFBC}") = "UsernameScraper", "UsernameScraper.csproj", "{B61A8774-DAC6-4168-82A9-CCB3BC4465A0}"
EndProject
Global
	GlobalSection(SolutionConfigurationPlatforms) = preSolution
		Debug|Any CPU = Debug|Any CPU
		Release|Any CPU = Release|Any CPU
	EndGlobalSection
	GlobalSection(ProjectConfigurationPlatforms) = postSolution
		{B61A8774-DAC6-4168-82A9-CCB3BC4465A0}.Debug|Any CPU.ActiveCfg = Debug|Any CPU
		{B61A8774-DAC6-4168-82A9-CCB3BC4465A0}.Debug|Any CPU.Build.0 = Debug|Any CPU
		{B61A8774-DAC6-4168-82A9-CCB3BC4465A0}.Release|Any CPU.ActiveCfg = Release|Any CPU
		{B61A8774-DAC6-4168-82A9-CCB3BC4465A0}.Release|Any CPU.Build.0 = Release|Any CPU
	EndGlobalSection
	GlobalSection(SolutionProperties) = preSolution
		HideSolutionNode = FALSE
	EndGlobalSection
	GlobalSection(ExtensibilityGlobals) = postSolution
		SolutionGuid = {6E9BA8A7-3332-494E-80FC-9FAB20E88E10}
	EndGlobalSection
EndGlobal
